
Microsoft Visual Studio Solution File, Format Version 12.00
Project("{2150E333-8FDC-42A3-9474-1A3956D46DE8}") = "GermonenkoBy.Users", "GermonenkoBy.Users", "{44B1883A-C662-4E10-A1F7-49CB79CD7CB7}"
EndProject
Project("{2150E333-8FDC-42A3-9474-1A3956D46DE8}") = "src", "src", "{1929F01D-5427-4D3C-9580-26BC0FD1E10C}"
EndProject
Project("{FAE04EC0-301F-11D3-BF4B-00C04F79EFBC}") = "GermonenkoBy.Users.Api", "src\GermonenkoBy.Users.Api\GermonenkoBy.Users.Api.csproj", "{BC710509-711B-4FD9-B335-45E24F98905C}"
EndProject
Project("{2150E333-8FDC-42A3-9474-1A3956D46DE8}") = "GermonenkoBy.Common", "GermonenkoBy.Common", "{A0624CEA-EA49-4761-B71B-472530CC9B09}"
EndProject
Project("{FAE04EC0-301F-11D3-BF4B-00C04F79EFBC}") = "GermonenkoBy.Users.Core", "src\GermonenkoBy.Users.Core\GermonenkoBy.Users.Core.csproj", "{F16E3E36-57C1-4CEB-B439-A4706F4D6BAA}"
EndProject
Project("{FAE04EC0-301F-11D3-BF4B-00C04F79EFBC}") = "GermonenkoBy.Common.EntityFramework", "src\GermonenkoBy.Common.EntityFramework\GermonenkoBy.Common.EntityFramework.csproj", "{DB19AA28-AB29-48A7-9665-281BD93CF8B0}"
EndProject
Project("{2150E333-8FDC-42A3-9474-1A3956D46DE8}") = "tests", "tests", "{329F2FB4-1E6B-41F9-B763-92012A366FBF}"
EndProject
Project("{2150E333-8FDC-42A3-9474-1A3956D46DE8}") = "GermonenkoBy.Common", "GermonenkoBy.Common", "{5B4722A9-9D4C-4AA5-B5B3-D5C324360C1B}"
EndProject
Project("{FAE04EC0-301F-11D3-BF4B-00C04F79EFBC}") = "GermonenkoBy.Common.EntityFramework.Tests", "tests\GermonenkoBy.Common.EntityFramework.Tests\GermonenkoBy.Common.EntityFramework.Tests.csproj", "{8CF64F90-F3D8-4873-B7CE-8BD8140A416B}"
EndProject
Project("{FAE04EC0-301F-11D3-BF4B-00C04F79EFBC}") = "GermonenkoBy.Common.Domain", "src\GermonenkoBy.Common.Domain\GermonenkoBy.Common.Domain.csproj", "{A59FABE1-5C56-46A8-9632-7B3445DD89D8}"
EndProject
Project("{FAE04EC0-301F-11D3-BF4B-00C04F79EFBC}") = "GermonenkoBy.Common.Utils", "src\GermonenkoBy.Common.Utils\GermonenkoBy.Common.Utils.csproj", "{D2B7EFEE-FFA1-450B-A0A2-19DDEBE7D537}"
EndProject
Project("{FAE04EC0-301F-11D3-BF4B-00C04F79EFBC}") = "GermonenkoBy.Common.Utils.Tests", "tests\GermonenkoBy.Common.Utils.Tests\GermonenkoBy.Common.Utils.Tests.csproj", "{EC247624-9CD9-42FE-8B05-946C1CBA27A9}"
EndProject
Project("{2150E333-8FDC-42A3-9474-1A3956D46DE8}") = "GermonenkoBy.Users", "GermonenkoBy.Users", "{1EEDC998-AB5C-4C4B-B6A1-99E1464D512D}"
EndProject
Project("{FAE04EC0-301F-11D3-BF4B-00C04F79EFBC}") = "GermonenkoBy.Users.Core.Tests", "tests\GermonenkoBy.Users.Core.Tests\GermonenkoBy.Users.Core.Tests.csproj", "{408A86D0-4CAF-42F5-9CBA-B58BC29784C8}"
EndProject
Project("{FAE04EC0-301F-11D3-BF4B-00C04F79EFBC}") = "GermonenkoBy.Common.Web", "src\GermonenkoBy.Common.Web\GermonenkoBy.Common.Web.csproj", "{E093F150-DB2C-4DF5-8CA4-0DD2D20D47F8}"
EndProject
Project("{2150E333-8FDC-42A3-9474-1A3956D46DE8}") = "GermonenkoBy.Products", "GermonenkoBy.Products", "{2F67234A-40F9-45B1-8D33-72723394EFF0}"
EndProject
Project("{FAE04EC0-301F-11D3-BF4B-00C04F79EFBC}") = "GermonenkoBy.Products.Core", "src\GermonenkoBy.Products.Core\GermonenkoBy.Products.Core.csproj", "{435CE53C-88A6-4846-9AAE-AD73D3D440BE}"
EndProject
Project("{FAE04EC0-301F-11D3-BF4B-00C04F79EFBC}") = "GermonenkoBy.Common.Domain.Tests", "tests\GermonenkoBy.Common.Domain.Tests\GermonenkoBy.Common.Domain.Tests.csproj", "{DDF4A6B2-C806-4524-A582-DD2D8A14C3D2}"
EndProject
Project("{FAE04EC0-301F-11D3-BF4B-00C04F79EFBC}") = "GermonenkoBy.Products.Api", "src\GermonenkoBy.Products.Api\GermonenkoBy.Products.Api.csproj", "{75966A43-A661-4172-AC64-D9CBD629DEC0}"
EndProject
Project("{2150E333-8FDC-42A3-9474-1A3956D46DE8}") = "GermonenkoBy.Products", "GermonenkoBy.Products", "{673221B6-7E17-4EE4-B632-E03304379E0D}"
EndProject
Project("{FAE04EC0-301F-11D3-BF4B-00C04F79EFBC}") = "GermonenkoBy.Products.Core.Tests", "tests\GermonenkoBy.Products.Core.Tests\GermonenkoBy.Products.Core.Tests.csproj", "{9DA52EC3-D2A3-4D85-ADAE-12B0802A0727}"
EndProject
Project("{FAE04EC0-301F-11D3-BF4B-00C04F79EFBC}") = "GermonenkoBy.Products.Infrastructure", "src\GermonenkoBy.Products.Infrastructure\GermonenkoBy.Products.Infrastructure.csproj", "{168A0292-013B-41B6-9F63-FC3D25484ECF}"
EndProject
Global
	GlobalSection(SolutionConfigurationPlatforms) = preSolution
		Debug|Any CPU = Debug|Any CPU
		Release|Any CPU = Release|Any CPU
	EndGlobalSection
	GlobalSection(NestedProjects) = preSolution
		{44B1883A-C662-4E10-A1F7-49CB79CD7CB7} = {1929F01D-5427-4D3C-9580-26BC0FD1E10C}
		{BC710509-711B-4FD9-B335-45E24F98905C} = {44B1883A-C662-4E10-A1F7-49CB79CD7CB7}
		{A0624CEA-EA49-4761-B71B-472530CC9B09} = {1929F01D-5427-4D3C-9580-26BC0FD1E10C}
		{F16E3E36-57C1-4CEB-B439-A4706F4D6BAA} = {44B1883A-C662-4E10-A1F7-49CB79CD7CB7}
		{DB19AA28-AB29-48A7-9665-281BD93CF8B0} = {A0624CEA-EA49-4761-B71B-472530CC9B09}
		{5B4722A9-9D4C-4AA5-B5B3-D5C324360C1B} = {329F2FB4-1E6B-41F9-B763-92012A366FBF}
		{8CF64F90-F3D8-4873-B7CE-8BD8140A416B} = {5B4722A9-9D4C-4AA5-B5B3-D5C324360C1B}
		{A59FABE1-5C56-46A8-9632-7B3445DD89D8} = {A0624CEA-EA49-4761-B71B-472530CC9B09}
		{D2B7EFEE-FFA1-450B-A0A2-19DDEBE7D537} = {A0624CEA-EA49-4761-B71B-472530CC9B09}
		{EC247624-9CD9-42FE-8B05-946C1CBA27A9} = {5B4722A9-9D4C-4AA5-B5B3-D5C324360C1B}
		{1EEDC998-AB5C-4C4B-B6A1-99E1464D512D} = {329F2FB4-1E6B-41F9-B763-92012A366FBF}
		{408A86D0-4CAF-42F5-9CBA-B58BC29784C8} = {1EEDC998-AB5C-4C4B-B6A1-99E1464D512D}
		{E093F150-DB2C-4DF5-8CA4-0DD2D20D47F8} = {A0624CEA-EA49-4761-B71B-472530CC9B09}
		{2F67234A-40F9-45B1-8D33-72723394EFF0} = {1929F01D-5427-4D3C-9580-26BC0FD1E10C}
		{435CE53C-88A6-4846-9AAE-AD73D3D440BE} = {2F67234A-40F9-45B1-8D33-72723394EFF0}
		{DDF4A6B2-C806-4524-A582-DD2D8A14C3D2} = {5B4722A9-9D4C-4AA5-B5B3-D5C324360C1B}
		{75966A43-A661-4172-AC64-D9CBD629DEC0} = {2F67234A-40F9-45B1-8D33-72723394EFF0}
		{673221B6-7E17-4EE4-B632-E03304379E0D} = {329F2FB4-1E6B-41F9-B763-92012A366FBF}
		{9DA52EC3-D2A3-4D85-ADAE-12B0802A0727} = {673221B6-7E17-4EE4-B632-E03304379E0D}
		{168A0292-013B-41B6-9F63-FC3D25484ECF} = {2F67234A-40F9-45B1-8D33-72723394EFF0}
	EndGlobalSection
	GlobalSection(ProjectConfigurationPlatforms) = postSolution
		{BC710509-711B-4FD9-B335-45E24F98905C}.Debug|Any CPU.ActiveCfg = Debug|Any CPU
		{BC710509-711B-4FD9-B335-45E24F98905C}.Debug|Any CPU.Build.0 = Debug|Any CPU
		{BC710509-711B-4FD9-B335-45E24F98905C}.Release|Any CPU.ActiveCfg = Release|Any CPU
		{BC710509-711B-4FD9-B335-45E24F98905C}.Release|Any CPU.Build.0 = Release|Any CPU
		{F16E3E36-57C1-4CEB-B439-A4706F4D6BAA}.Debug|Any CPU.ActiveCfg = Debug|Any CPU
		{F16E3E36-57C1-4CEB-B439-A4706F4D6BAA}.Debug|Any CPU.Build.0 = Debug|Any CPU
		{F16E3E36-57C1-4CEB-B439-A4706F4D6BAA}.Release|Any CPU.ActiveCfg = Release|Any CPU
		{F16E3E36-57C1-4CEB-B439-A4706F4D6BAA}.Release|Any CPU.Build.0 = Release|Any CPU
		{DB19AA28-AB29-48A7-9665-281BD93CF8B0}.Debug|Any CPU.ActiveCfg = Debug|Any CPU
		{DB19AA28-AB29-48A7-9665-281BD93CF8B0}.Debug|Any CPU.Build.0 = Debug|Any CPU
		{DB19AA28-AB29-48A7-9665-281BD93CF8B0}.Release|Any CPU.ActiveCfg = Release|Any CPU
		{DB19AA28-AB29-48A7-9665-281BD93CF8B0}.Release|Any CPU.Build.0 = Release|Any CPU
		{8CF64F90-F3D8-4873-B7CE-8BD8140A416B}.Debug|Any CPU.ActiveCfg = Debug|Any CPU
		{8CF64F90-F3D8-4873-B7CE-8BD8140A416B}.Debug|Any CPU.Build.0 = Debug|Any CPU
		{8CF64F90-F3D8-4873-B7CE-8BD8140A416B}.Release|Any CPU.ActiveCfg = Release|Any CPU
		{8CF64F90-F3D8-4873-B7CE-8BD8140A416B}.Release|Any CPU.Build.0 = Release|Any CPU
		{A59FABE1-5C56-46A8-9632-7B3445DD89D8}.Debug|Any CPU.ActiveCfg = Debug|Any CPU
		{A59FABE1-5C56-46A8-9632-7B3445DD89D8}.Debug|Any CPU.Build.0 = Debug|Any CPU
		{A59FABE1-5C56-46A8-9632-7B3445DD89D8}.Release|Any CPU.ActiveCfg = Release|Any CPU
		{A59FABE1-5C56-46A8-9632-7B3445DD89D8}.Release|Any CPU.Build.0 = Release|Any CPU
		{D2B7EFEE-FFA1-450B-A0A2-19DDEBE7D537}.Debug|Any CPU.ActiveCfg = Debug|Any CPU
		{D2B7EFEE-FFA1-450B-A0A2-19DDEBE7D537}.Debug|Any CPU.Build.0 = Debug|Any CPU
		{D2B7EFEE-FFA1-450B-A0A2-19DDEBE7D537}.Release|Any CPU.ActiveCfg = Release|Any CPU
		{D2B7EFEE-FFA1-450B-A0A2-19DDEBE7D537}.Release|Any CPU.Build.0 = Release|Any CPU
		{EC247624-9CD9-42FE-8B05-946C1CBA27A9}.Debug|Any CPU.ActiveCfg = Debug|Any CPU
		{EC247624-9CD9-42FE-8B05-946C1CBA27A9}.Debug|Any CPU.Build.0 = Debug|Any CPU
		{EC247624-9CD9-42FE-8B05-946C1CBA27A9}.Release|Any CPU.ActiveCfg = Release|Any CPU
		{EC247624-9CD9-42FE-8B05-946C1CBA27A9}.Release|Any CPU.Build.0 = Release|Any CPU
		{408A86D0-4CAF-42F5-9CBA-B58BC29784C8}.Debug|Any CPU.ActiveCfg = Debug|Any CPU
		{408A86D0-4CAF-42F5-9CBA-B58BC29784C8}.Debug|Any CPU.Build.0 = Debug|Any CPU
		{408A86D0-4CAF-42F5-9CBA-B58BC29784C8}.Release|Any CPU.ActiveCfg = Release|Any CPU
		{408A86D0-4CAF-42F5-9CBA-B58BC29784C8}.Release|Any CPU.Build.0 = Release|Any CPU
		{E093F150-DB2C-4DF5-8CA4-0DD2D20D47F8}.Debug|Any CPU.ActiveCfg = Debug|Any CPU
		{E093F150-DB2C-4DF5-8CA4-0DD2D20D47F8}.Debug|Any CPU.Build.0 = Debug|Any CPU
		{E093F150-DB2C-4DF5-8CA4-0DD2D20D47F8}.Release|Any CPU.ActiveCfg = Release|Any CPU
		{E093F150-DB2C-4DF5-8CA4-0DD2D20D47F8}.Release|Any CPU.Build.0 = Release|Any CPU
		{435CE53C-88A6-4846-9AAE-AD73D3D440BE}.Debug|Any CPU.ActiveCfg = Debug|Any CPU
		{435CE53C-88A6-4846-9AAE-AD73D3D440BE}.Debug|Any CPU.Build.0 = Debug|Any CPU
		{435CE53C-88A6-4846-9AAE-AD73D3D440BE}.Release|Any CPU.ActiveCfg = Release|Any CPU
		{435CE53C-88A6-4846-9AAE-AD73D3D440BE}.Release|Any CPU.Build.0 = Release|Any CPU
		{DDF4A6B2-C806-4524-A582-DD2D8A14C3D2}.Debug|Any CPU.ActiveCfg = Debug|Any CPU
		{DDF4A6B2-C806-4524-A582-DD2D8A14C3D2}.Debug|Any CPU.Build.0 = Debug|Any CPU
		{DDF4A6B2-C806-4524-A582-DD2D8A14C3D2}.Release|Any CPU.ActiveCfg = Release|Any CPU
		{DDF4A6B2-C806-4524-A582-DD2D8A14C3D2}.Release|Any CPU.Build.0 = Release|Any CPU
		{75966A43-A661-4172-AC64-D9CBD629DEC0}.Debug|Any CPU.ActiveCfg = Debug|Any CPU
		{75966A43-A661-4172-AC64-D9CBD629DEC0}.Debug|Any CPU.Build.0 = Debug|Any CPU
		{75966A43-A661-4172-AC64-D9CBD629DEC0}.Release|Any CPU.ActiveCfg = Release|Any CPU
		{75966A43-A661-4172-AC64-D9CBD629DEC0}.Release|Any CPU.Build.0 = Release|Any CPU
		{9DA52EC3-D2A3-4D85-ADAE-12B0802A0727}.Debug|Any CPU.ActiveCfg = Debug|Any CPU
		{9DA52EC3-D2A3-4D85-ADAE-12B0802A0727}.Debug|Any CPU.Build.0 = Debug|Any CPU
		{9DA52EC3-D2A3-4D85-ADAE-12B0802A0727}.Release|Any CPU.ActiveCfg = Release|Any CPU
		{9DA52EC3-D2A3-4D85-ADAE-12B0802A0727}.Release|Any CPU.Build.0 = Release|Any CPU
		{168A0292-013B-41B6-9F63-FC3D25484ECF}.Debug|Any CPU.ActiveCfg = Debug|Any CPU
		{168A0292-013B-41B6-9F63-FC3D25484ECF}.Debug|Any CPU.Build.0 = Debug|Any CPU
		{168A0292-013B-41B6-9F63-FC3D25484ECF}.Release|Any CPU.ActiveCfg = Release|Any CPU
		{168A0292-013B-41B6-9F63-FC3D25484ECF}.Release|Any CPU.Build.0 = Release|Any CPU
	EndGlobalSection
EndGlobal
